Microsoft Visual Studio Solution File, Format Version 12.00
# Visual Studio Version 18
VisualStudioVersion = 18.1.11312.151
MinimumVisualStudioVersion = 10.0.40219.1
Project("{FAE04EC0-301F-11D3-BF4B-00C04F79EFBC}") = "Trackstorm.Client", "Trackstorm.Client.csproj", "{8AA73261-0E48-47A8-A632-2FC01E71A0E7}"
EndProject
Project("{2150E333-8FDC-42A3-9474-1A3956D46DE8}") = "code", "code", "{8685C9FC-E8B9-45F9-92EA-21E026231A47}"
EndProject
Project("{FAE04EC0-301F-11D3-BF4B-00C04F79EFBC}") = "Trackstorm.Core", "code\Core\Trackstorm.Core.csproj", "{6E7703A1-9863-4FC6-B0F7-335481ED79F0}"
EndProject
Project("{FAE04EC0-301F-11D3-BF4B-00C04F79EFBC}") = "Trackstorm.Core.Tests", "code\Tests\Trackstorm.Core.Tests.csproj", "{D5220933-5583-4CD6-9BBE-866A708F6FB7}"
EndProject
Project("{2150E333-8FDC-42A3-9474-1A3956D46DE8}") = "TransportTests", "TransportTests", "{B346C561-5C22-3E8B-312D-64349D127F6F}"
EndProject
Project("{FAE04EC0-301F-11D3-BF4B-00C04F79EFBC}") = "Trackstorm.Transport.Tests", "code\TransportTests\Trackstorm.Transport.Tests.csproj", "{F7774A9F-BB0B-49D7-BD6F-F13A4EECB7CC}"
EndProject
Project("{2150E333-8FDC-42A3-9474-1A3956D46DE8}") = "third_party", "third_party", "{0DC175A4-010F-A5A8-72A9-B7A5E3C716E6}"
EndProject
Project("{2150E333-8FDC-42A3-9474-1A3956D46DE8}") = "eos", "eos", "{0D01127C-F900-CCC1-CE9C-0464676CFD78}"
EndProject
Project("{FAE04EC0-301F-11D3-BF4B-00C04F79EFBC}") = "Epic.OnlineServices", "third_party\eos\Epic.OnlineServices.csproj", "{385C5096-BB0F-4BD1-BB8D-E3705139D75A}"
EndProject
Global
	GlobalSection(SolutionConfigurationPlatforms) = preSolution
		Debug|Any CPU = Debug|Any CPU
		ExportDebug|Any CPU = ExportDebug|Any CPU
		ExportRelease|Any CPU = ExportRelease|Any CPU
		Release|Any CPU = Release|Any CPU
	EndGlobalSection
	GlobalSection(ProjectConfigurationPlatforms) = postSolution
		{8AA73261-0E48-47A8-A632-2FC01E71A0E7}.Debug|Any CPU.ActiveCfg = Debug|Any CPU
		{8AA73261-0E48-47A8-A632-2FC01E71A0E7}.Debug|Any CPU.Build.0 = Debug|Any CPU
		{8AA73261-0E48-47A8-A632-2FC01E71A0E7}.ExportDebug|Any CPU.ActiveCfg = ExportDebug|Any CPU
		{8AA73261-0E48-47A8-A632-2FC01E71A0E7}.ExportDebug|Any CPU.Build.0 = ExportDebug|Any CPU
		{8AA73261-0E48-47A8-A632-2FC01E71A0E7}.ExportRelease|Any CPU.ActiveCfg = ExportRelease|Any CPU
		{8AA73261-0E48-47A8-A632-2FC01E71A0E7}.ExportRelease|Any CPU.Build.0 = ExportRelease|Any CPU
		{8AA73261-0E48-47A8-A632-2FC01E71A0E7}.Release|Any CPU.ActiveCfg = ExportRelease|Any CPU
		{8AA73261-0E48-47A8-A632-2FC01E71A0E7}.Release|Any CPU.Build.0 = ExportRelease|Any CPU
		{6E7703A1-9863-4FC6-B0F7-335481ED79F0}.Debug|Any CPU.ActiveCfg = Debug|Any CPU
		{6E7703A1-9863-4FC6-B0F7-335481ED79F0}.Debug|Any CPU.Build.0 = Debug|Any CPU
		{6E7703A1-9863-4FC6-B0F7-335481ED79F0}.ExportDebug|Any CPU.ActiveCfg = Debug|Any CPU
		{6E7703A1-9863-4FC6-B0F7-335481ED79F0}.ExportDebug|Any CPU.Build.0 = Debug|Any CPU
		{6E7703A1-9863-4FC6-B0F7-335481ED79F0}.ExportRelease|Any CPU.ActiveCfg = Release|Any CPU
		{6E7703A1-9863-4FC6-B0F7-335481ED79F0}.ExportRelease|Any CPU.Build.0 = Release|Any CPU
		{6E7703A1-9863-4FC6-B0F7-335481ED79F0}.Release|Any CPU.ActiveCfg = Release|Any CPU
		{6E7703A1-9863-4FC6-B0F7-335481ED79F0}.Release|Any CPU.Build.0 = Release|Any CPU
		{D5220933-5583-4CD6-9BBE-866A708F6FB7}.Debug|Any CPU.ActiveCfg = Debug|Any CPU
		{D5220933-5583-4CD6-9BBE-866A708F6FB7}.Debug|Any CPU.Build.0 = Debug|Any CPU
		{D5220933-5583-4CD6-9BBE-866A708F6FB7}.ExportDebug|Any CPU.ActiveCfg = Debug|Any CPU
		{D5220933-5583-4CD6-9BBE-866A708F6FB7}.ExportDebug|Any CPU.Build.0 = Debug|Any CPU
		{D5220933-5583-4CD6-9BBE-866A708F6FB7}.ExportRelease|Any CPU.ActiveCfg = Release|Any CPU
		{D5220933-5583-4CD6-9BBE-866A708F6FB7}.ExportRelease|Any CPU.Build.0 = Release|Any CPU
		{D5220933-5583-4CD6-9BBE-866A708F6FB7}.Release|Any CPU.ActiveCfg = Release|Any CPU
		{D5220933-5583-4CD6-9BBE-866A708F6FB7}.Release|Any CPU.Build.0 = Release|Any CPU
		{F7774A9F-BB0B-49D7-BD6F-F13A4EECB7CC}.Debug|Any CPU.ActiveCfg = Debug|Any CPU
		{F7774A9F-BB0B-49D7-BD6F-F13A4EECB7CC}.Debug|Any CPU.Build.0 = Debug|Any CPU
		{F7774A9F-BB0B-49D7-BD6F-F13A4EECB7CC}.ExportDebug|Any CPU.ActiveCfg = Debug|Any CPU
		{F7774A9F-BB0B-49D7-BD6F-F13A4EECB7CC}.ExportDebug|Any CPU.Build.0 = Debug|Any CPU
		{F7774A9F-BB0B-49D7-BD6F-F13A4EECB7CC}.ExportRelease|Any CPU.ActiveCfg = Debug|Any CPU
		{F7774A9F-BB0B-49D7-BD6F-F13A4EECB7CC}.ExportRelease|Any CPU.Build.0 = Debug|Any CPU
		{F7774A9F-BB0B-49D7-BD6F-F13A4EECB7CC}.Release|Any CPU.ActiveCfg = Release|Any CPU
		{F7774A9F-BB0B-49D7-BD6F-F13A4EECB7CC}.Release|Any CPU.Build.0 = Release|Any CPU
		{385C5096-BB0F-4BD1-BB8D-E3705139D75A}.Debug|Any CPU.ActiveCfg = Debug|Any CPU
		{385C5096-BB0F-4BD1-BB8D-E3705139D75A}.Debug|Any CPU.Build.0 = Debug|Any CPU
		{385C5096-BB0F-4BD1-BB8D-E3705139D75A}.ExportDebug|Any CPU.ActiveCfg = Debug|Any CPU
		{385C5096-BB0F-4BD1-BB8D-E3705139D75A}.ExportDebug|Any CPU.Build.0 = Debug|Any CPU
		{385C5096-BB0F-4BD1-BB8D-E3705139D75A}.ExportRelease|Any CPU.ActiveCfg = Release|Any CPU
		{385C5096-BB0F-4BD1-BB8D-E3705139D75A}.ExportRelease|Any CPU.Build.0 = Release|Any CPU
		{385C5096-BB0F-4BD1-BB8D-E3705139D75A}.Release|Any CPU.ActiveCfg = Release|Any CPU
		{385C5096-BB0F-4BD1-BB8D-E3705139D75A}.Release|Any CPU.Build.0 = Release|Any CPU
	EndGlobalSection
	GlobalSection(SolutionProperties) = preSolution
		HideSolutionNode = FALSE
	EndGlobalSection
	GlobalSection(NestedProjects) = preSolution
		{6E7703A1-9863-4FC6-B0F7-335481ED79F0} = {8685C9FC-E8B9-45F9-92EA-21E026231A47}
		{D5220933-5583-4CD6-9BBE-866A708F6FB7} = {8685C9FC-E8B9-45F9-92EA-21E026231A47}
		{B346C561-5C22-3E8B-312D-64349D127F6F} = {8685C9FC-E8B9-45F9-92EA-21E026231A47}
		{F7774A9F-BB0B-49D7-BD6F-F13A4EECB7CC} = {B346C561-5C22-3E8B-312D-64349D127F6F}
		{0D01127C-F900-CCC1-CE9C-0464676CFD78} = {0DC175A4-010F-A5A8-72A9-B7A5E3C716E6}
		{385C5096-BB0F-4BD1-BB8D-E3705139D75A} = {0D01127C-F900-CCC1-CE9C-0464676CFD78}
	EndGlobalSection
	GlobalSection(ExtensibilityGlobals) = postSolution
		SolutionGuid = {70C887D6-25C9-445C-81CF-6D8DB43436CC}
	EndGlobalSection
EndGlobal
